Microsoft Visual Studio Solution File, Format Version 12.00
# Visual Studio 15
VisualStudioVersion = 15.0.26124.0
MinimumVisualStudioVersion = 15.0.26124.0
Project("{2150E333-8FDC-42A3-9474-1A3956D46DE8}") = "src", "src", "{C397A34C-84F1-49E7-AEBC-2F9F2B196216}"
EndProject
Project("{F2A71F9B-5D33-465A-A702-920D77279786}") = "homework", "src\homework\homework.fsproj", "{5D30E174-2538-47AC-8443-318C8C5DC2C9}"
EndProject
Project("{2150E333-8FDC-42A3-9474-1A3956D46DE8}") = "tests", "tests", "{ACBEE43C-7A88-4FB1-9B06-DB064D22B29F}"
EndProject
Project("{F2A71F9B-5D33-465A-A702-920D77279786}") = "homework.Tests", "tests\homework.Tests\homework.Tests.fsproj", "{1CA2E092-2320-451D-A4F0-9ED7C7C528CA}"
EndProject
Project("{F2A71F9B-5D33-465A-A702-920D77279786}") = "sortProj", "src\sortProj\sortProj.fsproj", "{A3E487FB-A474-4004-8966-5BB20DF47DFA}"
EndProject
Project("{F2A71F9B-5D33-465A-A702-920D77279786}") = "sortProj.Tests", "tests\sortProj.Tests\sortProj.Tests.fsproj", "{B5D2ECBE-D61B-4008-B0A9-94E7A964D444}"
EndProject
Project("{F2A71F9B-5D33-465A-A702-920D77279786}") = "sixthHomework", "src\sixthHomework\sixthHomework.fsproj", "{FA131E08-B479-4479-8687-FAE93F775FDD}"
EndProject
Project("{F2A71F9B-5D33-465A-A702-920D77279786}") = "sixthHomework.Tests", "tests\sixthHomework.Tests\sixthHomework.Tests.fsproj", "{D65B17EB-AF5A-44D6-A98C-2B12E54C352B}"
EndProject
Project("{F2A71F9B-5D33-465A-A702-920D77279786}") = "seventhHomework", "src\seventhHomework\seventhHomework.fsproj", "{2F86201B-5585-4776-B990-BF85E0915E5C}"
EndProject
Project("{F2A71F9B-5D33-465A-A702-920D77279786}") = "seventhHomework.Tests", "tests\seventhHomework.Tests\seventhHomework.Tests.fsproj", "{227A0AED-98E3-4D53-A425-7E70F2613EB7}"
EndProject
Project("{F2A71F9B-5D33-465A-A702-920D77279786}") = "eighthHomework", "src\eighthHomework\eighthHomework.fsproj", "{256922D2-5CF9-4368-BB41-420113327AE2}"
EndProject
Project("{F2A71F9B-5D33-465A-A702-920D77279786}") = "eightHW.Tests", "tests\eightHW.Tests\eightHW.Tests.fsproj", "{6C32F722-B232-4F9D-AFEB-764731128147}"
EndProject
Project("{F2A71F9B-5D33-465A-A702-920D77279786}") = "MatrixGenerator", "src\MatrixGenerator\MatrixGenerator.fsproj", "{55971A63-B19E-45E5-B32F-77BC156DF04A}"
EndProject
Project("{F2A71F9B-5D33-465A-A702-920D77279786}") = "MatrixGenerator.Tests", "tests\MatrixGenerator.Tests\MatrixGenerator.Tests.fsproj", "{A332FA4F-D7DE-4913-B3BA-C78BB07AFE36}"
EndProject
Project("{F2A71F9B-5D33-465A-A702-920D77279786}") = "ATMLibrary", "src\ATMLibrary\ATMLibrary.fsproj", "{5F812A36-E7D6-4FC9-9242-10CD1B89B017}"
EndProject
Project("{F2A71F9B-5D33-465A-A702-920D77279786}") = "ATMLibrary.Tests", "tests\ATMLibrary.Tests\ATMLibrary.Tests.fsproj", "{B4EFDC73-6C15-40D0-B03A-D71DF8867585}"
EndProject
Project("{FAE04EC0-301F-11D3-BF4B-00C04F79EFBC}") = "GUI", "src\GUI\GUI.csproj", "{D405AF95-2BDB-4B4F-9F9E-9B752C07E207}"
EndProject
Global
	GlobalSection(SolutionConfigurationPlatforms) = preSolution
		Debug|Any CPU = Debug|Any CPU
		Debug|x64 = Debug|x64
		Debug|x86 = Debug|x86
		Release|Any CPU = Release|Any CPU
		Release|x64 = Release|x64
		Release|x86 = Release|x86
	EndGlobalSection
	GlobalSection(SolutionProperties) = preSolution
		HideSolutionNode = FALSE
	EndGlobalSection
	GlobalSection(ProjectConfigurationPlatforms) = postSolution
		{5D30E174-2538-47AC-8443-318C8C5DC2C9}.Debug|Any CPU.ActiveCfg = Debug|Any CPU
		{5D30E174-2538-47AC-8443-318C8C5DC2C9}.Debug|Any CPU.Build.0 = Debug|Any CPU
		{5D30E174-2538-47AC-8443-318C8C5DC2C9}.Debug|x64.ActiveCfg = Debug|x64
		{5D30E174-2538-47AC-8443-318C8C5DC2C9}.Debug|x64.Build.0 = Debug|x64
		{5D30E174-2538-47AC-8443-318C8C5DC2C9}.Debug|x86.ActiveCfg = Debug|x86
		{5D30E174-2538-47AC-8443-318C8C5DC2C9}.Debug|x86.Build.0 = Debug|x86
		{5D30E174-2538-47AC-8443-318C8C5DC2C9}.Release|Any CPU.ActiveCfg = Release|Any CPU
		{5D30E174-2538-47AC-8443-318C8C5DC2C9}.Release|Any CPU.Build.0 = Release|Any CPU
		{5D30E174-2538-47AC-8443-318C8C5DC2C9}.Release|x64.ActiveCfg = Release|x64
		{5D30E174-2538-47AC-8443-318C8C5DC2C9}.Release|x64.Build.0 = Release|x64
		{5D30E174-2538-47AC-8443-318C8C5DC2C9}.Release|x86.ActiveCfg = Release|x86
		{5D30E174-2538-47AC-8443-318C8C5DC2C9}.Release|x86.Build.0 = Release|x86
		{1CA2E092-2320-451D-A4F0-9ED7C7C528CA}.Debug|Any CPU.ActiveCfg = Debug|Any CPU
		{1CA2E092-2320-451D-A4F0-9ED7C7C528CA}.Debug|Any CPU.Build.0 = Debug|Any CPU
		{1CA2E092-2320-451D-A4F0-9ED7C7C528CA}.Debug|x64.ActiveCfg = Debug|x64
		{1CA2E092-2320-451D-A4F0-9ED7C7C528CA}.Debug|x64.Build.0 = Debug|x64
		{1CA2E092-2320-451D-A4F0-9ED7C7C528CA}.Debug|x86.ActiveCfg = Debug|x86
		{1CA2E092-2320-451D-A4F0-9ED7C7C528CA}.Debug|x86.Build.0 = Debug|x86
		{1CA2E092-2320-451D-A4F0-9ED7C7C528CA}.Release|Any CPU.ActiveCfg = Release|Any CPU
		{1CA2E092-2320-451D-A4F0-9ED7C7C528CA}.Release|Any CPU.Build.0 = Release|Any CPU
		{1CA2E092-2320-451D-A4F0-9ED7C7C528CA}.Release|x64.ActiveCfg = Release|x64
		{1CA2E092-2320-451D-A4F0-9ED7C7C528CA}.Release|x64.Build.0 = Release|x64
		{1CA2E092-2320-451D-A4F0-9ED7C7C528CA}.Release|x86.ActiveCfg = Release|x86
		{1CA2E092-2320-451D-A4F0-9ED7C7C528CA}.Release|x86.Build.0 = Release|x86
		{A3E487FB-A474-4004-8966-5BB20DF47DFA}.Debug|Any CPU.ActiveCfg = Debug|Any CPU
		{A3E487FB-A474-4004-8966-5BB20DF47DFA}.Debug|Any CPU.Build.0 = Debug|Any CPU
		{A3E487FB-A474-4004-8966-5BB20DF47DFA}.Debug|x64.ActiveCfg = Debug|Any CPU
		{A3E487FB-A474-4004-8966-5BB20DF47DFA}.Debug|x64.Build.0 = Debug|Any CPU
		{A3E487FB-A474-4004-8966-5BB20DF47DFA}.Debug|x86.ActiveCfg = Debug|Any CPU
		{A3E487FB-A474-4004-8966-5BB20DF47DFA}.Debug|x86.Build.0 = Debug|Any CPU
		{A3E487FB-A474-4004-8966-5BB20DF47DFA}.Release|Any CPU.ActiveCfg = Release|Any CPU
		{A3E487FB-A474-4004-8966-5BB20DF47DFA}.Release|Any CPU.Build.0 = Release|Any CPU
		{A3E487FB-A474-4004-8966-5BB20DF47DFA}.Release|x64.ActiveCfg = Release|Any CPU
		{A3E487FB-A474-4004-8966-5BB20DF47DFA}.Release|x64.Build.0 = Release|Any CPU
		{A3E487FB-A474-4004-8966-5BB20DF47DFA}.Release|x86.ActiveCfg = Release|Any CPU
		{A3E487FB-A474-4004-8966-5BB20DF47DFA}.Release|x86.Build.0 = Release|Any CPU
		{B5D2ECBE-D61B-4008-B0A9-94E7A964D444}.Debug|Any CPU.ActiveCfg = Debug|Any CPU
		{B5D2ECBE-D61B-4008-B0A9-94E7A964D444}.Debug|Any CPU.Build.0 = Debug|Any CPU
		{B5D2ECBE-D61B-4008-B0A9-94E7A964D444}.Debug|x64.ActiveCfg = Debug|Any CPU
		{B5D2ECBE-D61B-4008-B0A9-94E7A964D444}.Debug|x64.Build.0 = Debug|Any CPU
		{B5D2ECBE-D61B-4008-B0A9-94E7A964D444}.Debug|x86.ActiveCfg = Debug|Any CPU
		{B5D2ECBE-D61B-4008-B0A9-94E7A964D444}.Debug|x86.Build.0 = Debug|Any CPU
		{B5D2ECBE-D61B-4008-B0A9-94E7A964D444}.Release|Any CPU.ActiveCfg = Release|Any CPU
		{B5D2ECBE-D61B-4008-B0A9-94E7A964D444}.Release|Any CPU.Build.0 = Release|Any CPU
		{B5D2ECBE-D61B-4008-B0A9-94E7A964D444}.Release|x64.ActiveCfg = Release|Any CPU
		{B5D2ECBE-D61B-4008-B0A9-94E7A964D444}.Release|x64.Build.0 = Release|Any CPU
		{B5D2ECBE-D61B-4008-B0A9-94E7A964D444}.Release|x86.ActiveCfg = Release|Any CPU
		{B5D2ECBE-D61B-4008-B0A9-94E7A964D444}.Release|x86.Build.0 = Release|Any CPU
		{FA131E08-B479-4479-8687-FAE93F775FDD}.Debug|Any CPU.ActiveCfg = Debug|Any CPU
		{FA131E08-B479-4479-8687-FAE93F775FDD}.Debug|Any CPU.Build.0 = Debug|Any CPU
		{FA131E08-B479-4479-8687-FAE93F775FDD}.Debug|x64.ActiveCfg = Debug|Any CPU
		{FA131E08-B479-4479-8687-FAE93F775FDD}.Debug|x64.Build.0 = Debug|Any CPU
		{FA131E08-B479-4479-8687-FAE93F775FDD}.Debug|x86.ActiveCfg = Debug|Any CPU
		{FA131E08-B479-4479-8687-FAE93F775FDD}.Debug|x86.Build.0 = Debug|Any CPU
		{FA131E08-B479-4479-8687-FAE93F775FDD}.Release|Any CPU.ActiveCfg = Release|Any CPU
		{FA131E08-B479-4479-8687-FAE93F775FDD}.Release|Any CPU.Build.0 = Release|Any CPU
		{FA131E08-B479-4479-8687-FAE93F775FDD}.Release|x64.ActiveCfg = Release|Any CPU
		{FA131E08-B479-4479-8687-FAE93F775FDD}.Release|x64.Build.0 = Release|Any CPU
		{FA131E08-B479-4479-8687-FAE93F775FDD}.Release|x86.ActiveCfg = Release|Any CPU
		{FA131E08-B479-4479-8687-FAE93F775FDD}.Release|x86.Build.0 = Release|Any CPU
		{D65B17EB-AF5A-44D6-A98C-2B12E54C352B}.Debug|Any CPU.ActiveCfg = Debug|Any CPU
		{D65B17EB-AF5A-44D6-A98C-2B12E54C352B}.Debug|Any CPU.Build.0 = Debug|Any CPU
		{D65B17EB-AF5A-44D6-A98C-2B12E54C352B}.Debug|x64.ActiveCfg = Debug|Any CPU
		{D65B17EB-AF5A-44D6-A98C-2B12E54C352B}.Debug|x64.Build.0 = Debug|Any CPU
		{D65B17EB-AF5A-44D6-A98C-2B12E54C352B}.Debug|x86.ActiveCfg = Debug|Any CPU
		{D65B17EB-AF5A-44D6-A98C-2B12E54C352B}.Debug|x86.Build.0 = Debug|Any CPU
		{D65B17EB-AF5A-44D6-A98C-2B12E54C352B}.Release|Any CPU.ActiveCfg = Release|Any CPU
		{D65B17EB-AF5A-44D6-A98C-2B12E54C352B}.Release|Any CPU.Build.0 = Release|Any CPU
		{D65B17EB-AF5A-44D6-A98C-2B12E54C352B}.Release|x64.ActiveCfg = Release|Any CPU
		{D65B17EB-AF5A-44D6-A98C-2B12E54C352B}.Release|x64.Build.0 = Release|Any CPU
		{D65B17EB-AF5A-44D6-A98C-2B12E54C352B}.Release|x86.ActiveCfg = Release|Any CPU
		{D65B17EB-AF5A-44D6-A98C-2B12E54C352B}.Release|x86.Build.0 = Release|Any CPU
		{2F86201B-5585-4776-B990-BF85E0915E5C}.Debug|Any CPU.ActiveCfg = Debug|Any CPU
		{2F86201B-5585-4776-B990-BF85E0915E5C}.Debug|Any CPU.Build.0 = Debug|Any CPU
		{2F86201B-5585-4776-B990-BF85E0915E5C}.Debug|x64.ActiveCfg = Debug|Any CPU
		{2F86201B-5585-4776-B990-BF85E0915E5C}.Debug|x64.Build.0 = Debug|Any CPU
		{2F86201B-5585-4776-B990-BF85E0915E5C}.Debug|x86.ActiveCfg = Debug|Any CPU
		{2F86201B-5585-4776-B990-BF85E0915E5C}.Debug|x86.Build.0 = Debug|Any CPU
		{2F86201B-5585-4776-B990-BF85E0915E5C}.Release|Any CPU.ActiveCfg = Release|Any CPU
		{2F86201B-5585-4776-B990-BF85E0915E5C}.Release|Any CPU.Build.0 = Release|Any CPU
		{2F86201B-5585-4776-B990-BF85E0915E5C}.Release|x64.ActiveCfg = Release|Any CPU
		{2F86201B-5585-4776-B990-BF85E0915E5C}.Release|x64.Build.0 = Release|Any CPU
		{2F86201B-5585-4776-B990-BF85E0915E5C}.Release|x86.ActiveCfg = Release|Any CPU
		{2F86201B-5585-4776-B990-BF85E0915E5C}.Release|x86.Build.0 = Release|Any CPU
		{227A0AED-98E3-4D53-A425-7E70F2613EB7}.Debug|Any CPU.ActiveCfg = Debug|Any CPU
		{227A0AED-98E3-4D53-A425-7E70F2613EB7}.Debug|Any CPU.Build.0 = Debug|Any CPU
		{227A0AED-98E3-4D53-A425-7E70F2613EB7}.Debug|x64.ActiveCfg = Debug|Any CPU
		{227A0AED-98E3-4D53-A425-7E70F2613EB7}.Debug|x64.Build.0 = Debug|Any CPU
		{227A0AED-98E3-4D53-A425-7E70F2613EB7}.Debug|x86.ActiveCfg = Debug|Any CPU
		{227A0AED-98E3-4D53-A425-7E70F2613EB7}.Debug|x86.Build.0 = Debug|Any CPU
		{227A0AED-98E3-4D53-A425-7E70F2613EB7}.Release|Any CPU.ActiveCfg = Release|Any CPU
		{227A0AED-98E3-4D53-A425-7E70F2613EB7}.Release|Any CPU.Build.0 = Release|Any CPU
		{227A0AED-98E3-4D53-A425-7E70F2613EB7}.Release|x64.ActiveCfg = Release|Any CPU
		{227A0AED-98E3-4D53-A425-7E70F2613EB7}.Release|x64.Build.0 = Release|Any CPU
		{227A0AED-98E3-4D53-A425-7E70F2613EB7}.Release|x86.ActiveCfg = Release|Any CPU
		{227A0AED-98E3-4D53-A425-7E70F2613EB7}.Release|x86.Build.0 = Release|Any CPU
		{256922D2-5CF9-4368-BB41-420113327AE2}.Debug|Any CPU.ActiveCfg = Debug|Any CPU
		{256922D2-5CF9-4368-BB41-420113327AE2}.Debug|Any CPU.Build.0 = Debug|Any CPU
		{256922D2-5CF9-4368-BB41-420113327AE2}.Debug|x64.ActiveCfg = Debug|Any CPU
		{256922D2-5CF9-4368-BB41-420113327AE2}.Debug|x64.Build.0 = Debug|Any CPU
		{256922D2-5CF9-4368-BB41-420113327AE2}.Debug|x86.ActiveCfg = Debug|Any CPU
		{256922D2-5CF9-4368-BB41-420113327AE2}.Debug|x86.Build.0 = Debug|Any CPU
		{256922D2-5CF9-4368-BB41-420113327AE2}.Release|Any CPU.ActiveCfg = Release|Any CPU
		{256922D2-5CF9-4368-BB41-420113327AE2}.Release|Any CPU.Build.0 = Release|Any CPU
		{256922D2-5CF9-4368-BB41-420113327AE2}.Release|x64.ActiveCfg = Release|Any CPU
		{256922D2-5CF9-4368-BB41-420113327AE2}.Release|x64.Build.0 = Release|Any CPU
		{256922D2-5CF9-4368-BB41-420113327AE2}.Release|x86.ActiveCfg = Release|Any CPU
		{256922D2-5CF9-4368-BB41-420113327AE2}.Release|x86.Build.0 = Release|Any CPU
		{6C32F722-B232-4F9D-AFEB-764731128147}.Debug|Any CPU.ActiveCfg = Debug|Any CPU
		{6C32F722-B232-4F9D-AFEB-764731128147}.Debug|Any CPU.Build.0 = Debug|Any CPU
		{6C32F722-B232-4F9D-AFEB-764731128147}.Debug|x64.ActiveCfg = Debug|Any CPU
		{6C32F722-B232-4F9D-AFEB-764731128147}.Debug|x64.Build.0 = Debug|Any CPU
		{6C32F722-B232-4F9D-AFEB-764731128147}.Debug|x86.ActiveCfg = Debug|Any CPU
		{6C32F722-B232-4F9D-AFEB-764731128147}.Debug|x86.Build.0 = Debug|Any CPU
		{6C32F722-B232-4F9D-AFEB-764731128147}.Release|Any CPU.ActiveCfg = Release|Any CPU
		{6C32F722-B232-4F9D-AFEB-764731128147}.Release|Any CPU.Build.0 = Release|Any CPU
		{6C32F722-B232-4F9D-AFEB-764731128147}.Release|x64.ActiveCfg = Release|Any CPU
		{6C32F722-B232-4F9D-AFEB-764731128147}.Release|x64.Build.0 = Release|Any CPU
		{6C32F722-B232-4F9D-AFEB-764731128147}.Release|x86.ActiveCfg = Release|Any CPU
		{6C32F722-B232-4F9D-AFEB-764731128147}.Release|x86.Build.0 = Release|Any CPU
		{55971A63-B19E-45E5-B32F-77BC156DF04A}.Debug|Any CPU.ActiveCfg = Debug|Any CPU
		{55971A63-B19E-45E5-B32F-77BC156DF04A}.Debug|Any CPU.Build.0 = Debug|Any CPU
		{55971A63-B19E-45E5-B32F-77BC156DF04A}.Debug|x64.ActiveCfg = Debug|Any CPU
		{55971A63-B19E-45E5-B32F-77BC156DF04A}.Debug|x64.Build.0 = Debug|Any CPU
		{55971A63-B19E-45E5-B32F-77BC156DF04A}.Debug|x86.ActiveCfg = Debug|Any CPU
		{55971A63-B19E-45E5-B32F-77BC156DF04A}.Debug|x86.Build.0 = Debug|Any CPU
		{55971A63-B19E-45E5-B32F-77BC156DF04A}.Release|Any CPU.ActiveCfg = Release|Any CPU
		{55971A63-B19E-45E5-B32F-77BC156DF04A}.Release|Any CPU.Build.0 = Release|Any CPU
		{55971A63-B19E-45E5-B32F-77BC156DF04A}.Release|x64.ActiveCfg = Release|Any CPU
		{55971A63-B19E-45E5-B32F-77BC156DF04A}.Release|x64.Build.0 = Release|Any CPU
		{55971A63-B19E-45E5-B32F-77BC156DF04A}.Release|x86.ActiveCfg = Release|Any CPU
		{55971A63-B19E-45E5-B32F-77BC156DF04A}.Release|x86.Build.0 = Release|Any CPU
		{A332FA4F-D7DE-4913-B3BA-C78BB07AFE36}.Debug|Any CPU.ActiveCfg = Debug|Any CPU
		{A332FA4F-D7DE-4913-B3BA-C78BB07AFE36}.Debug|Any CPU.Build.0 = Debug|Any CPU
		{A332FA4F-D7DE-4913-B3BA-C78BB07AFE36}.Debug|x64.ActiveCfg = Debug|Any CPU
		{A332FA4F-D7DE-4913-B3BA-C78BB07AFE36}.Debug|x64.Build.0 = Debug|Any CPU
		{A332FA4F-D7DE-4913-B3BA-C78BB07AFE36}.Debug|x86.ActiveCfg = Debug|Any CPU
		{A332FA4F-D7DE-4913-B3BA-C78BB07AFE36}.Debug|x86.Build.0 = Debug|Any CPU
		{A332FA4F-D7DE-4913-B3BA-C78BB07AFE36}.Release|Any CPU.ActiveCfg = Release|Any CPU
		{A332FA4F-D7DE-4913-B3BA-C78BB07AFE36}.Release|Any CPU.Build.0 = Release|Any CPU
		{A332FA4F-D7DE-4913-B3BA-C78BB07AFE36}.Release|x64.ActiveCfg = Release|Any CPU
		{A332FA4F-D7DE-4913-B3BA-C78BB07AFE36}.Release|x64.Build.0 = Release|Any CPU
		{A332FA4F-D7DE-4913-B3BA-C78BB07AFE36}.Release|x86.ActiveCfg = Release|Any CPU
		{A332FA4F-D7DE-4913-B3BA-C78BB07AFE36}.Release|x86.Build.0 = Release|Any CPU
		{5F812A36-E7D6-4FC9-9242-10CD1B89B017}.Debug|Any CPU.ActiveCfg = Debug|Any CPU
		{5F812A36-E7D6-4FC9-9242-10CD1B89B017}.Debug|Any CPU.Build.0 = Debug|Any CPU
		{5F812A36-E7D6-4FC9-9242-10CD1B89B017}.Debug|x64.ActiveCfg = Debug|Any CPU
		{5F812A36-E7D6-4FC9-9242-10CD1B89B017}.Debug|x64.Build.0 = Debug|Any CPU
		{5F812A36-E7D6-4FC9-9242-10CD1B89B017}.Debug|x86.ActiveCfg = Debug|Any CPU
		{5F812A36-E7D6-4FC9-9242-10CD1B89B017}.Debug|x86.Build.0 = Debug|Any CPU
		{5F812A36-E7D6-4FC9-9242-10CD1B89B017}.Release|Any CPU.ActiveCfg = Release|Any CPU
		{5F812A36-E7D6-4FC9-9242-10CD1B89B017}.Release|Any CPU.Build.0 = Release|Any CPU
		{5F812A36-E7D6-4FC9-9242-10CD1B89B017}.Release|x64.ActiveCfg = Release|Any CPU
		{5F812A36-E7D6-4FC9-9242-10CD1B89B017}.Release|x64.Build.0 = Release|Any CPU
		{5F812A36-E7D6-4FC9-9242-10CD1B89B017}.Release|x86.ActiveCfg = Release|Any CPU
		{5F812A36-E7D6-4FC9-9242-10CD1B89B017}.Release|x86.Build.0 = Release|Any CPU
		{B4EFDC73-6C15-40D0-B03A-D71DF8867585}.Debug|Any CPU.ActiveCfg = Debug|Any CPU
		{B4EFDC73-6C15-40D0-B03A-D71DF8867585}.Debug|Any CPU.Build.0 = Debug|Any CPU
		{B4EFDC73-6C15-40D0-B03A-D71DF8867585}.Debug|x64.ActiveCfg = Debug|Any CPU
		{B4EFDC73-6C15-40D0-B03A-D71DF8867585}.Debug|x64.Build.0 = Debug|Any CPU
		{B4EFDC73-6C15-40D0-B03A-D71DF8867585}.Debug|x86.ActiveCfg = Debug|Any CPU
		{B4EFDC73-6C15-40D0-B03A-D71DF8867585}.Debug|x86.Build.0 = Debug|Any CPU
		{B4EFDC73-6C15-40D0-B03A-D71DF8867585}.Release|Any CPU.ActiveCfg = Release|Any CPU
		{B4EFDC73-6C15-40D0-B03A-D71DF8867585}.Release|Any CPU.Build.0 = Release|Any CPU
		{B4EFDC73-6C15-40D0-B03A-D71DF8867585}.Release|x64.ActiveCfg = Release|Any CPU
		{B4EFDC73-6C15-40D0-B03A-D71DF8867585}.Release|x64.Build.0 = Release|Any CPU
		{B4EFDC73-6C15-40D0-B03A-D71DF8867585}.Release|x86.ActiveCfg = Release|Any CPU
		{B4EFDC73-6C15-40D0-B03A-D71DF8867585}.Release|x86.Build.0 = Release|Any CPU
		{D405AF95-2BDB-4B4F-9F9E-9B752C07E207}.Debug|Any CPU.ActiveCfg = Debug|Any CPU
		{D405AF95-2BDB-4B4F-9F9E-9B752C07E207}.Debug|Any CPU.Build.0 = Debug|Any CPU
		{D405AF95-2BDB-4B4F-9F9E-9B752C07E207}.Debug|x64.ActiveCfg = Debug|Any CPU
		{D405AF95-2BDB-4B4F-9F9E-9B752C07E207}.Debug|x64.Build.0 = Debug|Any CPU
		{D405AF95-2BDB-4B4F-9F9E-9B752C07E207}.Debug|x86.ActiveCfg = Debug|Any CPU
		{D405AF95-2BDB-4B4F-9F9E-9B752C07E207}.Debug|x86.Build.0 = Debug|Any CPU
		{D405AF95-2BDB-4B4F-9F9E-9B752C07E207}.Release|Any CPU.ActiveCfg = Release|Any CPU
		{D405AF95-2BDB-4B4F-9F9E-9B752C07E207}.Release|Any CPU.Build.0 = Release|Any CPU
		{D405AF95-2BDB-4B4F-9F9E-9B752C07E207}.Release|x64.ActiveCfg = Release|Any CPU
		{D405AF95-2BDB-4B4F-9F9E-9B752C07E207}.Release|x64.Build.0 = Release|Any CPU
		{D405AF95-2BDB-4B4F-9F9E-9B752C07E207}.Release|x86.ActiveCfg = Release|Any CPU
		{D405AF95-2BDB-4B4F-9F9E-9B752C07E207}.Release|x86.Build.0 = Release|Any CPU
	EndGlobalSection
	GlobalSection(NestedProjects) = preSolution
		{5D30E174-2538-47AC-8443-318C8C5DC2C9} = {C397A34C-84F1-49E7-AEBC-2F9F2B196216}
		{1CA2E092-2320-451D-A4F0-9ED7C7C528CA} = {ACBEE43C-7A88-4FB1-9B06-DB064D22B29F}
		{A3E487FB-A474-4004-8966-5BB20DF47DFA} = {C397A34C-84F1-49E7-AEBC-2F9F2B196216}
		{B5D2ECBE-D61B-4008-B0A9-94E7A964D444} = {ACBEE43C-7A88-4FB1-9B06-DB064D22B29F}
		{FA131E08-B479-4479-8687-FAE93F775FDD} = {C397A34C-84F1-49E7-AEBC-2F9F2B196216}
		{D65B17EB-AF5A-44D6-A98C-2B12E54C352B} = {ACBEE43C-7A88-4FB1-9B06-DB064D22B29F}
		{2F86201B-5585-4776-B990-BF85E0915E5C} = {C397A34C-84F1-49E7-AEBC-2F9F2B196216}
		{227A0AED-98E3-4D53-A425-7E70F2613EB7} = {ACBEE43C-7A88-4FB1-9B06-DB064D22B29F}
		{256922D2-5CF9-4368-BB41-420113327AE2} = {C397A34C-84F1-49E7-AEBC-2F9F2B196216}
		{6C32F722-B232-4F9D-AFEB-764731128147} = {ACBEE43C-7A88-4FB1-9B06-DB064D22B29F}
		{55971A63-B19E-45E5-B32F-77BC156DF04A} = {C397A34C-84F1-49E7-AEBC-2F9F2B196216}
		{A332FA4F-D7DE-4913-B3BA-C78BB07AFE36} = {ACBEE43C-7A88-4FB1-9B06-DB064D22B29F}
		{5F812A36-E7D6-4FC9-9242-10CD1B89B017} = {C397A34C-84F1-49E7-AEBC-2F9F2B196216}
		{B4EFDC73-6C15-40D0-B03A-D71DF8867585} = {ACBEE43C-7A88-4FB1-9B06-DB064D22B29F}
		{D405AF95-2BDB-4B4F-9F9E-9B752C07E207} = {C397A34C-84F1-49E7-AEBC-2F9F2B196216}
	EndGlobalSection
EndGlobal
